// !$*UTF8*$!
{
	archiveVersion = 1;
	classes = {
	};
	objectVersion = 52;
	objects = {

/* Begin PBXBuildFile section */
		4212D3FC235DD5640088D876 /* PopularMoviesCell.xib in Resources */ = {isa = PBXBuildFile; fileRef = 4212D3FA235DD5640088D876 /* PopularMoviesCell.xib */; };
		4212D401235DE6EC0088D876 /* HeaderCell.swift in Sources */ = {isa = PBXBuildFile; fileRef = 4212D3FF235DE6EC0088D876 /* HeaderCell.swift */; };
		4212D402235DE6EC0088D876 /* HeaderCell.xib in Resources */ = {isa = PBXBuildFile; fileRef = 4212D400235DE6EC0088D876 /* HeaderCell.xib */; };
		4224B305234DD19E000CCC6D /* SliderContent.swift in Sources */ = {isa = PBXBuildFile; fileRef = 4224B304234DD19E000CCC6D /* SliderContent.swift */; };
		423B708C235093AA00B40E01 /* SliderCell.swift in Sources */ = {isa = PBXBuildFile; fileRef = 423B708B235093AA00B40E01 /* SliderCell.swift */; };
		423B708E2350A23400B40E01 /* Referances in Resources */ = {isa = PBXBuildFile; fileRef = 423B708D2350A23400B40E01 /* Referances */; };
		424AF06C2396A53C00E9A5AE /* SDWebImage in Frameworks */ = {isa = PBXBuildFile; productRef = 424AF06B2396A53C00E9A5AE /* SDWebImage */; };
		424AF0792397DF6E00E9A5AE /* SliderSignupCellCollectionViewCell.swift in Sources */ = {isa = PBXBuildFile; fileRef = 424AF0772397DF6E00E9A5AE /* SliderSignupCellCollectionViewCell.swift */; };
		424AF07A2397DF6E00E9A5AE /* SliderSignupCellCollectionViewCell.xib in Resources */ = {isa = PBXBuildFile; fileRef = 424AF0782397DF6E00E9A5AE /* SliderSignupCellCollectionViewCell.xib */; };
		424AF08223983F0C00E9A5AE /* RegisterationTests.swift in Sources */ = {isa = PBXBuildFile; fileRef = 424AF08123983F0C00E9A5AE /* RegisterationTests.swift */; };
		424AF08B2398440400E9A5AE /* SDWebImage in Frameworks */ = {isa = PBXBuildFile; productRef = 424AF08A2398440400E9A5AE /* SDWebImage */; };
		424AF0932398B14000E9A5AE /* CinemtiyoUITests.swift in Sources */ = {isa = PBXBuildFile; fileRef = 424AF0922398B14000E9A5AE /* CinemtiyoUITests.swift */; };
		424AF09B2398B14900E9A5AE /* SDWebImage in Frameworks */ = {isa = PBXBuildFile; productRef = 424AF09A2398B14900E9A5AE /* SDWebImage */; };
		425186DF2372C85F00D0FA2B /* Api.swift in Sources */ = {isa = PBXBuildFile; fileRef = 425186DE2372C85F00D0FA2B /* Api.swift */; };
		4251F52E2378BAEC00677452 /* DetailsMovieController.swift in Sources */ = {isa = PBXBuildFile; fileRef = 4251F52D2378BAEC00677452 /* DetailsMovieController.swift */; };
		4251F5302378EE4900677452 /* MovieImage.swift in Sources */ = {isa = PBXBuildFile; fileRef = 4251F52F2378EE4900677452 /* MovieImage.swift */; };
		4256862023995E5D008B1FD0 /* PopularMovies.swift in Sources */ = {isa = PBXBuildFile; fileRef = 4256861F23995E5D008B1FD0 /* PopularMovies.swift */; };
		42568623239970A3008B1FD0 /* XCDYouTubeKit in Frameworks */ = {isa = PBXBuildFile; productRef = 42568622239970A3008B1FD0 /* XCDYouTubeKit */; };
		425686252399A0D4008B1FD0 /* CustomImageCell.swift in Sources */ = {isa = PBXBuildFile; fileRef = 425686242399A0D4008B1FD0 /* CustomImageCell.swift */; };
		425686272399C439008B1FD0 /* WatchListController.swift in Sources */ = {isa = PBXBuildFile; fileRef = 425686262399C439008B1FD0 /* WatchListController.swift */; };
		425686292399C479008B1FD0 /* CinemaLocationController.swift in Sources */ = {isa = PBXBuildFile; fileRef = 425686282399C479008B1FD0 /* CinemaLocationController.swift */; };
		4256862B2399CC2C008B1FD0 /* Trailers.swift in Sources */ = {isa = PBXBuildFile; fileRef = 4256862A2399CC2C008B1FD0 /* Trailers.swift */; };
		4256862D2399D92F008B1FD0 /* CustomHeaderSlider.swift in Sources */ = {isa = PBXBuildFile; fileRef = 4256862C2399D92F008B1FD0 /* CustomHeaderSlider.swift */; };
		428E4FD823759ACB00023E58 /* ImageExtension.swift in Sources */ = {isa = PBXBuildFile; fileRef = 428E4FD723759ACB00023E58 /* ImageExtension.swift */; };
		428E4FDC2375F52E00023E58 /* Movies.swift in Sources */ = {isa = PBXBuildFile; fileRef = 428E4FDB2375F52E00023E58 /* Movies.swift */; };
		42D5F2E92378A6D90057E18B /* PopularMoviesCell.swift in Sources */ = {isa = PBXBuildFile; fileRef = 42D5F2E82378A6D90057E18B /* PopularMoviesCell.swift */; };
		42EC96222347530500E85554 /* AppDelegate.swift in Sources */ = {isa = PBXBuildFile; fileRef = 42EC96212347530500E85554 /* AppDelegate.swift */; };
		42EC96242347530500E85554 /* SceneDelegate.swift in Sources */ = {isa = PBXBuildFile; fileRef = 42EC96232347530500E85554 /* SceneDelegate.swift */; };
		42EC96262347530500E85554 /* PopularMoviesController.swift in Sources */ = {isa = PBXBuildFile; fileRef = 42EC96252347530500E85554 /* PopularMoviesController.swift */; };
		42EC962B2347530700E85554 /* Assets.xcassets in Resources */ = {isa = PBXBuildFile; fileRef = 42EC962A2347530700E85554 /* Assets.xcassets */; };
		42EC962E2347530700E85554 /* LaunchScreen.storyboard in Resources */ = {isa = PBXBuildFile; fileRef = 42EC962C2347530700E85554 /* LaunchScreen.storyboard */; };
		42EC96362347588600E85554 /* SliderController.swift in Sources */ = {isa = PBXBuildFile; fileRef = 42EC96352347588600E85554 /* SliderController.swift */; };
		42EC963D2347630300E85554 /* Custom.storyboard in Resources */ = {isa = PBXBuildFile; fileRef = 42EC963C2347630300E85554 /* Custom.storyboard */; };
		42EE5FEC2359C6AD00FDCD89 /* CinematoTabBarController.swift in Sources */ = {isa = PBXBuildFile; fileRef = 42EE5FEB2359C6AD00FDCD89 /* CinematoTabBarController.swift */; };
		4B150F9C2399E71C00EBD5C2 /* TVController.swift in Sources */ = {isa = PBXBuildFile; fileRef = 4B150F9B2399E71C00EBD5C2 /* TVController.swift */; };
		4B150F9F2399E7ED00EBD5C2 /* SearchController.swift in Sources */ = {isa = PBXBuildFile; fileRef = 4B150F9E2399E7ED00EBD5C2 /* SearchController.swift */; };
		4B150FA12399E89500EBD5C2 /* Search.storyboard in Resources */ = {isa = PBXBuildFile; fileRef = 4B150FA02399E89500EBD5C2 /* Search.storyboard */; };
/* End PBXBuildFile section */

/* Begin PBXContainerItemProxy section */
		424AF08423983F0C00E9A5AE /* PBXContainerItemProxy */ = {
			isa = PBXContainerItemProxy;
			containerPortal = 42EC96162347530500E85554 /* Project object */;
			proxyType = 1;
			remoteGlobalIDString = 42EC961D2347530500E85554;
			remoteInfo = Cinemtiyo;
		};
		424AF0952398B14000E9A5AE /* PBXContainerItemProxy */ = {
			isa = PBXContainerItemProxy;
			containerPortal = 42EC96162347530500E85554 /* Project object */;
			proxyType = 1;
			remoteGlobalIDString = 42EC961D2347530500E85554;
			remoteInfo = Cinemtiyo;
		};
/* End PBXContainerItemProxy section */

/* Begin PBXFileReference section */
		4212D3FA235DD5640088D876 /* PopularMoviesCell.xib */ = {isa = PBXFileReference; lastKnownFileType = file.xib; path = PopularMoviesCell.xib; sourceTree = "<group>"; };
		4212D3FF235DE6EC0088D876 /* HeaderCell.swift */ = {isa = PBXFileReference; lastKnownFileType = sourcecode.swift; path = HeaderCell.swift; sourceTree = "<group>"; };
		4212D400235DE6EC0088D876 /* HeaderCell.xib */ = {isa = PBXFileReference; lastKnownFileType = file.xib; path = HeaderCell.xib; sourceTree = "<group>"; };
		4224B304234DD19E000CCC6D /* SliderContent.swift */ = {isa = PBXFileReference; lastKnownFileType = sourcecode.swift; path = SliderContent.swift; sourceTree = "<group>"; };
		423B708B235093AA00B40E01 /* SliderCell.swift */ = {isa = PBXFileReference; lastKnownFileType = sourcecode.swift; path = SliderCell.swift; sourceTree = "<group>"; };
		423B708D2350A23400B40E01 /* Referances */ = {isa = PBXFileReference; lastKnownFileType = text; path = Referances; sourceTree = "<group>"; };
		424AF0772397DF6E00E9A5AE /* SliderSignupCellCollectionViewCell.swift */ = {isa = PBXFileReference; lastKnownFileType = sourcecode.swift; path = SliderSignupCellCollectionViewCell.swift; sourceTree = "<group>"; };
		424AF0782397DF6E00E9A5AE /* SliderSignupCellCollectionViewCell.xib */ = {isa = PBXFileReference; lastKnownFileType = file.xib; path = SliderSignupCellCollectionViewCell.xib; sourceTree = "<group>"; };
		424AF07F23983F0C00E9A5AE /* CinemtiyoTests.xctest */ = {isa = PBXFileReference; explicitFileType = wrapper.cfbundle; includeInIndex = 0; path = CinemtiyoTests.xctest; sourceTree = BUILT_PRODUCTS_DIR; };
		424AF08123983F0C00E9A5AE /* RegisterationTests.swift */ = {isa = PBXFileReference; lastKnownFileType = sourcecode.swift; path = RegisterationTests.swift; sourceTree = "<group>"; };
		424AF08323983F0C00E9A5AE /* Info.plist */ = {isa = PBXFileReference; lastKnownFileType = text.plist.xml; path = Info.plist; sourceTree = "<group>"; };
		424AF0902398B14000E9A5AE /* CinemtiyoUITests.xctest */ = {isa = PBXFileReference; explicitFileType = wrapper.cfbundle; includeInIndex = 0; path = CinemtiyoUITests.xctest; sourceTree = BUILT_PRODUCTS_DIR; };
		424AF0922398B14000E9A5AE /* CinemtiyoUITests.swift */ = {isa = PBXFileReference; lastKnownFileType = sourcecode.swift; path = CinemtiyoUITests.swift; sourceTree = "<group>"; };
		424AF0942398B14000E9A5AE /* Info.plist */ = {isa = PBXFileReference; lastKnownFileType = text.plist.xml; path = Info.plist; sourceTree = "<group>"; };
		425186DE2372C85F00D0FA2B /* Api.swift */ = {isa = PBXFileReference; lastKnownFileType = sourcecode.swift; path = Api.swift; sourceTree = "<group>"; };
		4251F52D2378BAEC00677452 /* DetailsMovieController.swift */ = {isa = PBXFileReference; lastKnownFileType = sourcecode.swift; path = DetailsMovieController.swift; sourceTree = "<group>"; };
		4251F52F2378EE4900677452 /* MovieImage.swift */ = {isa = PBXFileReference; lastKnownFileType = sourcecode.swift; path = MovieImage.swift; sourceTree = "<group>"; };
		4256861F23995E5D008B1FD0 /* PopularMovies.swift */ = {isa = PBXFileReference; lastKnownFileType = sourcecode.swift; path = PopularMovies.swift; sourceTree = "<group>"; };
		425686242399A0D4008B1FD0 /* CustomImageCell.swift */ = {isa = PBXFileReference; lastKnownFileType = sourcecode.swift; path = CustomImageCell.swift; sourceTree = "<group>"; };
		425686262399C439008B1FD0 /* WatchListController.swift */ = {isa = PBXFileReference; lastKnownFileType = sourcecode.swift; path = WatchListController.swift; sourceTree = "<group>"; };
		425686282399C479008B1FD0 /* CinemaLocationController.swift */ = {isa = PBXFileReference; lastKnownFileType = sourcecode.swift; path = CinemaLocationController.swift; sourceTree = "<group>"; };
		4256862A2399CC2C008B1FD0 /* Trailers.swift */ = {isa = PBXFileReference; lastKnownFileType = sourcecode.swift; path = Trailers.swift; sourceTree = "<group>"; };
		4256862C2399D92F008B1FD0 /* CustomHeaderSlider.swift */ = {isa = PBXFileReference; lastKnownFileType = sourcecode.swift; path = CustomHeaderSlider.swift; sourceTree = "<group>"; };
		428E4FD723759ACB00023E58 /* ImageExtension.swift */ = {isa = PBXFileReference; lastKnownFileType = sourcecode.swift; path = ImageExtension.swift; sourceTree = "<group>"; };
		428E4FDB2375F52E00023E58 /* Movies.swift */ = {isa = PBXFileReference; lastKnownFileType = sourcecode.swift; path = Movies.swift; sourceTree = "<group>"; };
		42D5F2E82378A6D90057E18B /* PopularMoviesCell.swift */ = {isa = PBXFileReference; lastKnownFileType = sourcecode.swift; path = PopularMoviesCell.swift; sourceTree = "<group>"; };
		42EC961E2347530500E85554 /* Cinemtiyo.app */ = {isa = PBXFileReference; explicitFileType = wrapper.application; includeInIndex = 0; path = Cinemtiyo.app; sourceTree = BUILT_PRODUCTS_DIR; };
		42EC96212347530500E85554 /* AppDelegate.swift */ = {isa = PBXFileReference; lastKnownFileType = sourcecode.swift; path = AppDelegate.swift; sourceTree = "<group>"; };
		42EC96232347530500E85554 /* SceneDelegate.swift */ = {isa = PBXFileReference; lastKnownFileType = sourcecode.swift; path = SceneDelegate.swift; sourceTree = "<group>"; };
		42EC96252347530500E85554 /* PopularMoviesController.swift */ = {isa = PBXFileReference; lastKnownFileType = sourcecode.swift; path = PopularMoviesController.swift; sourceTree = "<group>"; };
		42EC962A2347530700E85554 /* Assets.xcassets */ = {isa = PBXFileReference; lastKnownFileType = folder.assetcatalog; path = Assets.xcassets; sourceTree = "<group>"; };
		42EC962D2347530700E85554 /* Base */ = {isa = PBXFileReference; lastKnownFileType = file.storyboard; name = Base; path = Base.lproj/LaunchScreen.storyboard; sourceTree = "<group>"; };
		42EC962F2347530700E85554 /* Info.plist */ = {isa = PBXFileReference; lastKnownFileType = text.plist.xml; path = Info.plist; sourceTree = "<group>"; };
		42EC96352347588600E85554 /* SliderController.swift */ = {isa = PBXFileReference; lastKnownFileType = sourcecode.swift; path = SliderController.swift; sourceTree = "<group>"; };
		42EC963C2347630300E85554 /* Custom.storyboard */ = {isa = PBXFileReference; lastKnownFileType = file.storyboard; path = Custom.storyboard; sourceTree = "<group>"; };
		42EE5FEB2359C6AD00FDCD89 /* CinematoTabBarController.swift */ = {isa = PBXFileReference; lastKnownFileType = sourcecode.swift; path = CinematoTabBarController.swift; sourceTree = "<group>"; };
		4B150F9B2399E71C00EBD5C2 /* TVController.swift */ = {isa = PBXFileReference; lastKnownFileType = sourcecode.swift; path = TVController.swift; sourceTree = "<group>"; };
		4B150F9E2399E7ED00EBD5C2 /* SearchController.swift */ = {isa = PBXFileReference; lastKnownFileType = sourcecode.swift; path = SearchController.swift; sourceTree = "<group>"; };
		4B150FA02399E89500EBD5C2 /* Search.storyboard */ = {isa = PBXFileReference; lastKnownFileType = file.storyboard; path = Search.storyboard; sourceTree = "<group>"; };
/* End PBXFileReference section */

/* Begin PBXFrameworksBuildPhase section */
		424AF07C23983F0C00E9A5AE /* Frameworks */ = {
			isa = PBXFrameworksBuildPhase;
			buildActionMask = 2147483647;
			files = (
				424AF08B2398440400E9A5AE /* SDWebImage in Frameworks */,
			);
			runOnlyForDeploymentPostprocessing = 0;
		};
		424AF08D2398B14000E9A5AE /* Frameworks */ = {
			isa = PBXFrameworksBuildPhase;
			buildActionMask = 2147483647;
			files = (
				424AF09B2398B14900E9A5AE /* SDWebImage in Frameworks */,
			);
			runOnlyForDeploymentPostprocessing = 0;
		};
		42EC961B2347530500E85554 /* Frameworks */ = {
			isa = PBXFrameworksBuildPhase;
			buildActionMask = 2147483647;
			files = (
				424AF06C2396A53C00E9A5AE /* SDWebImage in Frameworks */,
				42568623239970A3008B1FD0 /* XCDYouTubeKit in Frameworks */,
			);
			runOnlyForDeploymentPostprocessing = 0;
		};
/* End PBXFrameworksBuildPhase section */

/* Begin PBXGroup section */
		423B708F2350A2B100B40E01 /* Referances */ = {
			isa = PBXGroup;
			children = (
				423B708D2350A23400B40E01 /* Referances */,
			);
			path = Referances;
			sourceTree = "<group>";
		};
		424AF08023983F0C00E9A5AE /* CinemtiyoTests */ = {
			isa = PBXGroup;
			children = (
				424AF08123983F0C00E9A5AE /* RegisterationTests.swift */,
				424AF08323983F0C00E9A5AE /* Info.plist */,
			);
			path = CinemtiyoTests;
			sourceTree = "<group>";
		};
		424AF0892398440400E9A5AE /* Frameworks */ = {
			isa = PBXGroup;
			children = (
			);
			name = Frameworks;
			sourceTree = "<group>";
		};
		424AF0912398B14000E9A5AE /* CinemtiyoUITests */ = {
			isa = PBXGroup;
			children = (
				424AF0922398B14000E9A5AE /* CinemtiyoUITests.swift */,
				4256861F23995E5D008B1FD0 /* PopularMovies.swift */,
				424AF0942398B14000E9A5AE /* Info.plist */,
			);
			path = CinemtiyoUITests;
			sourceTree = "<group>";
		};
		425186DD2372C84900D0FA2B /* Api */ = {
			isa = PBXGroup;
			children = (
				425186DE2372C85F00D0FA2B /* Api.swift */,
			);
			path = Api;
			sourceTree = "<group>";
		};
		428E4FD62375993A00023E58 /* Extension */ = {
			isa = PBXGroup;
			children = (
				428E4FD723759ACB00023E58 /* ImageExtension.swift */,
			);
			path = Extension;
			sourceTree = "<group>";
		};
		42EC96152347530500E85554 = {
			isa = PBXGroup;
			children = (
				42EC96202347530500E85554 /* Cinemtiyo */,
				424AF08023983F0C00E9A5AE /* CinemtiyoTests */,
				424AF0912398B14000E9A5AE /* CinemtiyoUITests */,
				42EC961F2347530500E85554 /* Products */,
				424AF0892398440400E9A5AE /* Frameworks */,
			);
			sourceTree = "<group>";
		};
		42EC961F2347530500E85554 /* Products */ = {
			isa = PBXGroup;
			children = (
				42EC961E2347530500E85554 /* Cinemtiyo.app */,
				424AF07F23983F0C00E9A5AE /* CinemtiyoTests.xctest */,
				424AF0902398B14000E9A5AE /* CinemtiyoUITests.xctest */,
			);
			name = Products;
			sourceTree = "<group>";
		};
		42EC96202347530500E85554 /* Cinemtiyo */ = {
			isa = PBXGroup;
			children = (
				428E4FD62375993A00023E58 /* Extension */,
				425186DD2372C84900D0FA2B /* Api */,
				423B708F2350A2B100B40E01 /* Referances */,
				42EC963A2347628700E85554 /* StoryBoards */,
				42EC96392347623F00E85554 /* Controller */,
				42EC96382347623A00E85554 /* View */,
				42EC96372347623400E85554 /* Model */,
				42EC96212347530500E85554 /* AppDelegate.swift */,
				42EC96232347530500E85554 /* SceneDelegate.swift */,
				42EC962A2347530700E85554 /* Assets.xcassets */,
				42EC962C2347530700E85554 /* LaunchScreen.storyboard */,
				42EC962F2347530700E85554 /* Info.plist */,
			);
			path = Cinemtiyo;
			sourceTree = "<group>";
		};
		42EC96372347623400E85554 /* Model */ = {
			isa = PBXGroup;
			children = (
				4224B304234DD19E000CCC6D /* SliderContent.swift */,
				428E4FDB2375F52E00023E58 /* Movies.swift */,
				4251F52F2378EE4900677452 /* MovieImage.swift */,
				4256862A2399CC2C008B1FD0 /* Trailers.swift */,
			);
			path = Model;
			sourceTree = "<group>";
		};
		42EC96382347623A00E85554 /* View */ = {
			isa = PBXGroup;
			children = (
				423B708B235093AA00B40E01 /* SliderCell.swift */,
				42D5F2E82378A6D90057E18B /* PopularMoviesCell.swift */,
				4212D3FA235DD5640088D876 /* PopularMoviesCell.xib */,
				4212D3FF235DE6EC0088D876 /* HeaderCell.swift */,
				4212D400235DE6EC0088D876 /* HeaderCell.xib */,
				424AF0772397DF6E00E9A5AE /* SliderSignupCellCollectionViewCell.swift */,
				424AF0782397DF6E00E9A5AE /* SliderSignupCellCollectionViewCell.xib */,
				425686242399A0D4008B1FD0 /* CustomImageCell.swift */,
				4256862C2399D92F008B1FD0 /* CustomHeaderSlider.swift */,
			);
			path = View;
			sourceTree = "<group>";
		};
		42EC96392347623F00E85554 /* Controller */ = {
			isa = PBXGroup;
			children = (
				42EC96252347530500E85554 /* PopularMoviesController.swift */,
				42EC96352347588600E85554 /* SliderController.swift */,
				42EE5FEB2359C6AD00FDCD89 /* CinematoTabBarController.swift */,
				4251F52D2378BAEC00677452 /* DetailsMovieController.swift */,
				425686262399C439008B1FD0 /* WatchListController.swift */,
				425686282399C479008B1FD0 /* CinemaLocationController.swift */,
				4B150F9B2399E71C00EBD5C2 /* TVController.swift */,
				4B150F9E2399E7ED00EBD5C2 /* SearchController.swift */,
			);
			path = Controller;
			sourceTree = "<group>";
		};
		42EC963A2347628700E85554 /* StoryBoards */ = {
			isa = PBXGroup;
			children = (
				42EC963C2347630300E85554 /* Custom.storyboard */,
				4B150FA02399E89500EBD5C2 /* Search.storyboard */,
			);
			path = StoryBoards;
			sourceTree = "<group>";
		};
/* End PBXGroup section */

/* Begin PBXNativeTarget section */
		424AF07E23983F0C00E9A5AE /* CinemtiyoTests */ = {
			isa = PBXNativeTarget;
			buildConfigurationList = 424AF08823983F0C00E9A5AE /* Build configuration list for PBXNativeTarget "CinemtiyoTests" */;
			buildPhases = (
				424AF07B23983F0C00E9A5AE /* Sources */,
				424AF07C23983F0C00E9A5AE /* Frameworks */,
				424AF07D23983F0C00E9A5AE /* Resources */,
			);
			buildRules = (
			);
			dependencies = (
				424AF08523983F0C00E9A5AE /* PBXTargetDependency */,
			);
			name = CinemtiyoTests;
			packageProductDependencies = (
				424AF08A2398440400E9A5AE /* SDWebImage */,
			);
			productName = CinemtiyoTests;
			productReference = 424AF07F23983F0C00E9A5AE /* CinemtiyoTests.xctest */;
			productType = "com.apple.product-type.bundle.unit-test";
		};
		424AF08F2398B14000E9A5AE /* CinemtiyoUITests */ = {
			isa = PBXNativeTarget;
			buildConfigurationList = 424AF0972398B14000E9A5AE /* Build configuration list for PBXNativeTarget "CinemtiyoUITests" */;
			buildPhases = (
				424AF08C2398B14000E9A5AE /* Sources */,
				424AF08D2398B14000E9A5AE /* Frameworks */,
				424AF08E2398B14000E9A5AE /* Resources */,
			);
			buildRules = (
			);
			dependencies = (
				424AF0962398B14000E9A5AE /* PBXTargetDependency */,
			);
			name = CinemtiyoUITests;
			packageProductDependencies = (
				424AF09A2398B14900E9A5AE /* SDWebImage */,
			);
			productName = CinemtiyoUITests;
			productReference = 424AF0902398B14000E9A5AE /* CinemtiyoUITests.xctest */;
			productType = "com.apple.product-type.bundle.ui-testing";
		};
		42EC961D2347530500E85554 /* Cinemtiyo */ = {
			isa = PBXNativeTarget;
			buildConfigurationList = 42EC96322347530700E85554 /* Build configuration list for PBXNativeTarget "Cinemtiyo" */;
			buildPhases = (
				42EC961A2347530500E85554 /* Sources */,
				42EC961B2347530500E85554 /* Frameworks */,
				42EC961C2347530500E85554 /* Resources */,
			);
			buildRules = (
			);
			dependencies = (
			);
			name = Cinemtiyo;
			packageProductDependencies = (
				424AF06B2396A53C00E9A5AE /* SDWebImage */,
				42568622239970A3008B1FD0 /* XCDYouTubeKit */,
			);
			productName = CharityProject;
			productReference = 42EC961E2347530500E85554 /* Cinemtiyo.app */;
			productType = "com.apple.product-type.application";
		};
/* End PBXNativeTarget section */

/* Begin PBXProject section */
		42EC96162347530500E85554 /* Project object */ = {
			isa = PBXProject;
			attributes = {
				LastSwiftUpdateCheck = 1100;
				LastUpgradeCheck = 1100;
				ORGANIZATIONNAME = "Vinayak Sareen";
				TargetAttributes = {
					424AF07E23983F0C00E9A5AE = {
						CreatedOnToolsVersion = 11.0;
						TestTargetID = 42EC961D2347530500E85554;
					};
					424AF08F2398B14000E9A5AE = {
						CreatedOnToolsVersion = 11.0;
						TestTargetID = 42EC961D2347530500E85554;
					};
					42EC961D2347530500E85554 = {
						CreatedOnToolsVersion = 11.0;
					};
				};
			};
			buildConfigurationList = 42EC96192347530500E85554 /* Build configuration list for PBXProject "Cinemtiyo" */;
			compatibilityVersion = "Xcode 9.3";
			developmentRegion = en;
			hasScannedForEncodings = 0;
			knownRegions = (
				en,
				Base,
			);
			mainGroup = 42EC96152347530500E85554;
			packageReferences = (
				424AF06A2396A53C00E9A5AE /* XCRemoteSwiftPackageReference "SDWebImage" */,
				42568621239970A3008B1FD0 /* XCRemoteSwiftPackageReference "XCDYouTubeKit" */,
			);
			productRefGroup = 42EC961F2347530500E85554 /* Products */;
			projectDirPath = "";
			projectRoot = "";
			targets = (
				42EC961D2347530500E85554 /* Cinemtiyo */,
				424AF07E23983F0C00E9A5AE /* CinemtiyoTests */,
				424AF08F2398B14000E9A5AE /* CinemtiyoUITests */,
			);
		};
/* End PBXProject section */

/* Begin PBXResourcesBuildPhase section */
		424AF07D23983F0C00E9A5AE /* Resources */ = {
			isa = PBXResourcesBuildPhase;
			buildActionMask = 2147483647;
			files = (
			);
			runOnlyForDeploymentPostprocessing = 0;
		};
		424AF08E2398B14000E9A5AE /* Resources */ = {
			isa = PBXResourcesBuildPhase;
			buildActionMask = 2147483647;
			files = (
			);
			runOnlyForDeploymentPostprocessing = 0;
		};
		42EC961C2347530500E85554 /* Resources */ = {
			isa = PBXResourcesBuildPhase;
			buildActionMask = 2147483647;
			files = (
				423B708E2350A23400B40E01 /* Referances in Resources */,
				42EC963D2347630300E85554 /* Custom.storyboard in Resources */,
				4212D3FC235DD5640088D876 /* PopularMoviesCell.xib in Resources */,
				42EC962E2347530700E85554 /* LaunchScreen.storyboard in Resources */,
				4212D402235DE6EC0088D876 /* HeaderCell.xib in Resources */,
				42EC962B2347530700E85554 /* Assets.xcassets in Resources */,
				4B150FA12399E89500EBD5C2 /* Search.storyboard in Resources */,
				424AF07A2397DF6E00E9A5AE /* SliderSignupCellCollectionViewCell.xib in Resources */,
			);
			runOnlyForDeploymentPostprocessing = 0;
		};
/* End PBXResourcesBuildPhase section */

/* Begin PBXSourcesBuildPhase section */
		424AF07B23983F0C00E9A5AE /* Sources */ = {
			isa = PBXSourcesBuildPhase;
			buildActionMask = 2147483647;
			files = (
				424AF08223983F0C00E9A5AE /* RegisterationTests.swift in Sources */,
			);
			runOnlyForDeploymentPostprocessing = 0;
		};
		424AF08C2398B14000E9A5AE /* Sources */ = {
			isa = PBXSourcesBuildPhase;
			buildActionMask = 2147483647;
			files = (
				4256862023995E5D008B1FD0 /* PopularMovies.swift in Sources */,
				424AF0932398B14000E9A5AE /* CinemtiyoUITests.swift in Sources */,
			);
			runOnlyForDeploymentPostprocessing = 0;
		};
		42EC961A2347530500E85554 /* Sources */ = {
			isa = PBXSourcesBuildPhase;
			buildActionMask = 2147483647;
			files = (
				4251F52E2378BAEC00677452 /* DetailsMovieController.swift in Sources */,
				428E4FD823759ACB00023E58 /* ImageExtension.swift in Sources */,
				42D5F2E92378A6D90057E18B /* PopularMoviesCell.swift in Sources */,
				4B150F9C2399E71C00EBD5C2 /* TVController.swift in Sources */,
				42EC96262347530500E85554 /* PopularMoviesController.swift in Sources */,
				425686252399A0D4008B1FD0 /* CustomImageCell.swift in Sources */,
				42EC96222347530500E85554 /* AppDelegate.swift in Sources */,
				4256862D2399D92F008B1FD0 /* CustomHeaderSlider.swift in Sources */,
				425186DF2372C85F00D0FA2B /* Api.swift in Sources */,
				42EC96362347588600E85554 /* SliderController.swift in Sources */,
				42EE5FEC2359C6AD00FDCD89 /* CinematoTabBarController.swift in Sources */,
				425686292399C479008B1FD0 /* CinemaLocationController.swift in Sources */,
				425686272399C439008B1FD0 /* WatchListController.swift in Sources */,
				4212D401235DE6EC0088D876 /* HeaderCell.swift in Sources */,
				424AF0792397DF6E00E9A5AE /* SliderSignupCellCollectionViewCell.swift in Sources */,
				42EC96242347530500E85554 /* SceneDelegate.swift in Sources */,
				428E4FDC2375F52E00023E58 /* Movies.swift in Sources */,
				423B708C235093AA00B40E01 /* SliderCell.swift in Sources */,
				4251F5302378EE4900677452 /* MovieImage.swift in Sources */,
				4B150F9F2399E7ED00EBD5C2 /* SearchController.swift in Sources */,
				4256862B2399CC2C008B1FD0 /* Trailers.swift in Sources */,
				4224B305234DD19E000CCC6D /* SliderContent.swift in Sources */,
			);
			runOnlyForDeploymentPostprocessing = 0;
		};
/* End PBXSourcesBuildPhase section */

/* Begin PBXTargetDependency section */
		424AF08523983F0C00E9A5AE /* PBXTargetDependency */ = {
			isa = PBXTargetDependency;
			target = 42EC961D2347530500E85554 /* Cinemtiyo */;
			targetProxy = 424AF08423983F0C00E9A5AE /* PBXContainerItemProxy */;
		};
		424AF0962398B14000E9A5AE /* PBXTargetDependency */ = {
			isa = PBXTargetDependency;
			target = 42EC961D2347530500E85554 /* Cinemtiyo */;
			targetProxy = 424AF0952398B14000E9A5AE /* PBXContainerItemProxy */;
		};
/* End PBXTargetDependency section */

/* Begin PBXVariantGroup section */
		42EC962C2347530700E85554 /* LaunchScreen.storyboard */ = {
			isa = PBXVariantGroup;
			children = (
				42EC962D2347530700E85554 /* Base */,
			);
			name = LaunchScreen.storyboard;
			sourceTree = "<group>";
		};
/* End PBXVariantGroup section */

/* Begin XCBuildConfiguration section */
		424AF08623983F0C00E9A5AE /* Debug */ = {
			isa = XCBuildConfiguration;
			buildSettings = {
				BUNDLE_LOADER = "$(TEST_HOST)";
				CODE_SIGN_STYLE = Automatic;
				DEVELOPMENT_TEAM = Z6YU2DE97Z;
				INFOPLIST_FILE = CinemtiyoTests/Info.plist;
				LD_RUNPATH_SEARCH_PATHS = (
					"$(inherited)",
					"@executable_path/Frameworks",
					"@loader_path/Frameworks",
				);
				PRODUCT_BUNDLE_IDENTIFIER = tech.CinemtiyoTests;
				PRODUCT_NAME = "$(TARGET_NAME)";
				SWIFT_VERSION = 5.0;
				TARGETED_DEVICE_FAMILY = "1,2";
				TEST_HOST = "$(BUILT_PRODUCTS_DIR)/Cinemtiyo.app/Cinemtiyo";
			};
			name = Debug;
		};
		424AF08723983F0C00E9A5AE /* Release */ = {
			isa = XCBuildConfiguration;
			buildSettings = {
				BUNDLE_LOADER = "$(TEST_HOST)";
				CODE_SIGN_STYLE = Automatic;
				DEVELOPMENT_TEAM = Z6YU2DE97Z;
				INFOPLIST_FILE = CinemtiyoTests/Info.plist;
				LD_RUNPATH_SEARCH_PATHS = (
					"$(inherited)",
					"@executable_path/Frameworks",
					"@loader_path/Frameworks",
				);
				PRODUCT_BUNDLE_IDENTIFIER = tech.CinemtiyoTests;
				PRODUCT_NAME = "$(TARGET_NAME)";
				SWIFT_VERSION = 5.0;
				TARGETED_DEVICE_FAMILY = "1,2";
				TEST_HOST = "$(BUILT_PRODUCTS_DIR)/Cinemtiyo.app/Cinemtiyo";
			};
			name = Release;
		};
		424AF0982398B14000E9A5AE /* Debug */ = {
			isa = XCBuildConfiguration;
			buildSettings = {
				CODE_SIGN_STYLE = Automatic;
				DEVELOPMENT_TEAM = Z6YU2DE97Z;
				INFOPLIST_FILE = CinemtiyoUITests/Info.plist;
				LD_RUNPATH_SEARCH_PATHS = (
					"$(inherited)",
					"@executable_path/Frameworks",
					"@loader_path/Frameworks",
				);
				PRODUCT_BUNDLE_IDENTIFIER = tech.CinemtiyoUITests;
				PRODUCT_NAME = "$(TARGET_NAME)";
				SWIFT_VERSION = 5.0;
				TARGETED_DEVICE_FAMILY = "1,2";
				TEST_TARGET_NAME = Cinemtiyo;
			};
			name = Debug;
		};
		424AF0992398B14000E9A5AE /* Release */ = {
			isa = XCBuildConfiguration;
			buildSettings = {
				CODE_SIGN_STYLE = Automatic;
				DEVELOPMENT_TEAM = Z6YU2DE97Z;
				INFOPLIST_FILE = CinemtiyoUITests/Info.plist;
				LD_RUNPATH_SEARCH_PATHS = (
					"$(inherited)",
					"@executable_path/Frameworks",
					"@loader_path/Frameworks",
				);
				PRODUCT_BUNDLE_IDENTIFIER = tech.CinemtiyoUITests;
				PRODUCT_NAME = "$(TARGET_NAME)";
				SWIFT_VERSION = 5.0;
				TARGETED_DEVICE_FAMILY = "1,2";
				TEST_TARGET_NAME = Cinemtiyo;
			};
			name = Release;
		};
		42EC96302347530700E85554 /* Debug */ = {
			isa = XCBuildConfiguration;
			buildSettings = {
				ALWAYS_SEARCH_USER_PATHS = NO;
				CLANG_ANALYZER_NONNULL = YES;
				CLANG_ANALYZER_NUMBER_OBJECT_CONVERSION = YES_AGGRESSIVE;
				CLANG_CXX_LANGUAGE_STANDARD = "gnu++14";
				CLANG_CXX_LIBRARY = "libc++";
				CLANG_ENABLE_MODULES = YES;
				CLANG_ENABLE_OBJC_ARC = YES;
				CLANG_ENABLE_OBJC_WEAK = YES;
				CLANG_WARN_BLOCK_CAPTURE_AUTORELEASING = YES;
				CLANG_WARN_BOOL_CONVERSION = YES;
				CLANG_WARN_COMMA = YES;
				CLANG_WARN_CONSTANT_CONVERSION = YES;
				CLANG_WARN_DEPRECATED_OBJC_IMPLEMENTATIONS = YES;
				CLANG_WARN_DIRECT_OBJC_ISA_USAGE = YES_ERROR;
				CLANG_WARN_DOCUMENTATION_COMMENTS = YES;
				CLANG_WARN_EMPTY_BODY = YES;
				CLANG_WARN_ENUM_CONVERSION = YES;
				CLANG_WARN_INFINITE_RECURSION = YES;
				CLANG_WARN_INT_CONVERSION = YES;
				CLANG_WARN_NON_LITERAL_NULL_CONVERSION = YES;
				CLANG_WARN_OBJC_IMPLICIT_RETAIN_SELF = YES;
				CLANG_WARN_OBJC_LITERAL_CONVERSION = YES;
				CLANG_WARN_OBJC_ROOT_CLASS = YES_ERROR;
				CLANG_WARN_RANGE_LOOP_ANALYSIS = YES;
				CLANG_WARN_STRICT_PROTOTYPES = YES;
				CLANG_WARN_SUSPICIOUS_MOVE = YES;
				CLANG_WARN_UNGUARDED_AVAILABILITY = YES_AGGRESSIVE;
				CLANG_WARN_UNREACHABLE_CODE = YES;
				CLANG_WARN__DUPLICATE_METHOD_MATCH = YES;
				COPY_PHASE_STRIP = NO;
				DEBUG_INFORMATION_FORMAT = dwarf;
				ENABLE_STRICT_OBJC_MSGSEND = YES;
				ENABLE_TESTABILITY = YES;
				GCC_C_LANGUAGE_STANDARD = gnu11;
				GCC_DYNAMIC_NO_PIC = NO;
				GCC_NO_COMMON_BLOCKS = YES;
				GCC_OPTIMIZATION_LEVEL = 0;
				GCC_PREPROCESSOR_DEFINITIONS = (
					"DEBUG=1",
					"$(inherited)",
				);
				GCC_WARN_64_TO_32_BIT_CONVERSION = YES;
				GCC_WARN_ABOUT_RETURN_TYPE = YES_ERROR;
				GCC_WARN_UNDECLARED_SELECTOR = YES;
				GCC_WARN_UNINITIALIZED_AUTOS = YES_AGGRESSIVE;
				GCC_WARN_UNUSED_FUNCTION = YES;
				GCC_WARN_UNUSED_VARIABLE = YES;
				IPHONEOS_DEPLOYMENT_TARGET = 13.0;
				MTL_ENABLE_DEBUG_INFO = INCLUDE_SOURCE;
				MTL_FAST_MATH = YES;
				ONLY_ACTIVE_ARCH = YES;
				SDKROOT = iphoneos;
				SWIFT_ACTIVE_COMPILATION_CONDITIONS = DEBUG;
				SWIFT_OPTIMIZATION_LEVEL = "-Onone";
			};
			name = Debug;
		};
		42EC96312347530700E85554 /* Release */ = {
			isa = XCBuildConfiguration;
			buildSettings = {
				ALWAYS_SEARCH_USER_PATHS = NO;
				CLANG_ANALYZER_NONNULL = YES;
				CLANG_ANALYZER_NUMBER_OBJECT_CONVERSION = YES_AGGRESSIVE;
				CLANG_CXX_LANGUAGE_STANDARD = "gnu++14";
				CLANG_CXX_LIBRARY = "libc++";
				CLANG_ENABLE_MODULES = YES;
				CLANG_ENABLE_OBJC_ARC = YES;
				CLANG_ENABLE_OBJC_WEAK = YES;
				CLANG_WARN_BLOCK_CAPTURE_AUTORELEASING = YES;
				CLANG_WARN_BOOL_CONVERSION = YES;
				CLANG_WARN_COMMA = YES;
				CLANG_WARN_CONSTANT_CONVERSION = YES;
				CLANG_WARN_DEPRECATED_OBJC_IMPLEMENTATIONS = YES;
				CLANG_WARN_DIRECT_OBJC_ISA_USAGE = YES_ERROR;
				CLANG_WARN_DOCUMENTATION_COMMENTS = YES;
				CLANG_WARN_EMPTY_BODY = YES;
				CLANG_WARN_ENUM_CONVERSION = YES;
				CLANG_WARN_INFINITE_RECURSION = YES;
				CLANG_WARN_INT_CONVERSION = YES;
				CLANG_WARN_NON_LITERAL_NULL_CONVERSION = YES;
				CLANG_WARN_OBJC_IMPLICIT_RETAIN_SELF = YES;
				CLANG_WARN_OBJC_LITERAL_CONVERSION = YES;
				CLANG_WARN_OBJC_ROOT_CLASS = YES_ERROR;
				CLANG_WARN_RANGE_LOOP_ANALYSIS = YES;
				CLANG_WARN_STRICT_PROTOTYPES = YES;
				CLANG_WARN_SUSPICIOUS_MOVE = YES;
				CLANG_WARN_UNGUARDED_AVAILABILITY = YES_AGGRESSIVE;
				CLANG_WARN_UNREACHABLE_CODE = YES;
				CLANG_WARN__DUPLICATE_METHOD_MATCH = YES;
				COPY_PHASE_STRIP = NO;
				DEBUG_INFORMATION_FORMAT = "dwarf-with-dsym";
				ENABLE_NS_ASSERTIONS = NO;
				ENABLE_STRICT_OBJC_MSGSEND = YES;
				GCC_C_LANGUAGE_STANDARD = gnu11;
				GCC_NO_COMMON_BLOCKS = YES;
				GCC_WARN_64_TO_32_BIT_CONVERSION = YES;
				GCC_WARN_ABOUT_RETURN_TYPE = YES_ERROR;
				GCC_WARN_UNDECLARED_SELECTOR = YES;
				GCC_WARN_UNINITIALIZED_AUTOS = YES_AGGRESSIVE;
				GCC_WARN_UNUSED_FUNCTION = YES;
				GCC_WARN_UNUSED_VARIABLE = YES;
				IPHONEOS_DEPLOYMENT_TARGET = 13.0;
				MTL_ENABLE_DEBUG_INFO = NO;
				MTL_FAST_MATH = YES;
				SDKROOT = iphoneos;
				SWIFT_COMPILATION_MODE = wholemodule;
				SWIFT_OPTIMIZATION_LEVEL = "-O";
				VALIDATE_PRODUCT = YES;
			};
			name = Release;
		};
		42EC96332347530700E85554 /* Debug */ = {
			isa = XCBuildConfiguration;
			buildSettings = {
				ASSETCATALOG_COMPILER_APPICON_NAME = AppIcon;
				CODE_SIGN_STYLE = Automatic;
				DEVELOPMENT_TEAM = Z6YU2DE97Z;
				INFOPLIST_FILE = Cinemtiyo/Info.plist;
				LD_RUNPATH_SEARCH_PATHS = (
					"$(inherited)",
					"@executable_path/Frameworks",
				);
				PRODUCT_BUNDLE_IDENTIFIER = tech.Cinemtiyo;
				PRODUCT_NAME = Cinemtiyo;
				SWIFT_VERSION = 5.0;
				TARGETED_DEVICE_FAMILY = 1;
			};
			name = Debug;
		};
		42EC96342347530700E85554 /* Release */ = {
			isa = XCBuildConfiguration;
			buildSettings = {
				ASSETCATALOG_COMPILER_APPICON_NAME = AppIcon;
				CODE_SIGN_STYLE = Automatic;
				DEVELOPMENT_TEAM = Z6YU2DE97Z;
				INFOPLIST_FILE = Cinemtiyo/Info.plist;
				LD_RUNPATH_SEARCH_PATHS = (
					"$(inherited)",
					"@executable_path/Frameworks",
				);
				PRODUCT_BUNDLE_IDENTIFIER = tech.Cinemtiyo;
				PRODUCT_NAME = Cinemtiyo;
				SWIFT_VERSION = 5.0;
				TARGETED_DEVICE_FAMILY = 1;
			};
			name = Release;
		};
/* End XCBuildConfiguration section */

/* Begin XCConfigurationList section */
		424AF08823983F0C00E9A5AE /* Build configuration list for PBXNativeTarget "CinemtiyoTests" */ = {
			isa = XCConfigurationList;
			buildConfigurations = (
				424AF08623983F0C00E9A5AE /* Debug */,
				424AF08723983F0C00E9A5AE /* Release */,
			);
			defaultConfigurationIsVisible = 0;
			defaultConfigurationName = Release;
		};
		424AF0972398B14000E9A5AE /* Build configuration list for PBXNativeTarget "CinemtiyoUITests" */ = {
			isa = XCConfigurationList;
			buildConfigurations = (
				424AF0982398B14000E9A5AE /* Debug */,
				424AF0992398B14000E9A5AE /* Release */,
			);
			defaultConfigurationIsVisible = 0;
			defaultConfigurationName = Release;
		};
		42EC96192347530500E85554 /* Build configuration list for PBXProject "Cinemtiyo" */ = {
			isa = XCConfigurationList;
			buildConfigurations = (
				42EC96302347530700E85554 /* Debug */,
				42EC96312347530700E85554 /* Release */,
			);
			defaultConfigurationIsVisible = 0;
			defaultConfigurationName = Release;
		};
		42EC96322347530700E85554 /* Build configuration list for PBXNativeTarget "Cinemtiyo" */ = {
			isa = XCConfigurationList;
			buildConfigurations = (
				42EC96332347530700E85554 /* Debug */,
				42EC96342347530700E85554 /* Release */,
			);
			defaultConfigurationIsVisible = 0;
			defaultConfigurationName = Release;
		};
/* End XCConfigurationList section */

/* Begin XCRemoteSwiftPackageReference section */
		424AF06A2396A53C00E9A5AE /* XCRemoteSwiftPackageReference "SDWebImage" */ = {
			isa = XCRemoteSwiftPackageReference;
			repositoryURL = "https://github.com/SDWebImage/SDWebImage.git";
			requirement = {
				kind = upToNextMajorVersion;
				minimumVersion = 5.3.3;
			};
		};
		42568621239970A3008B1FD0 /* XCRemoteSwiftPackageReference "XCDYouTubeKit" */ = {
			isa = XCRemoteSwiftPackageReference;
			repositoryURL = "https://github.com/0xced/XCDYouTubeKit.git";
			requirement = {
				kind = upToNextMajorVersion;
				minimumVersion = 2.8.2;
			};
		};
/* End XCRemoteSwiftPackageReference section */

/* Begin XCSwiftPackageProductDependency section */
		424AF06B2396A53C00E9A5AE /* SDWebImage */ = {
			isa = XCSwiftPackageProductDependency;
			package = 424AF06A2396A53C00E9A5AE /* XCRemoteSwiftPackageReference "SDWebImage" */;
			productName = SDWebImage;
		};
		424AF08A2398440400E9A5AE /* SDWebImage */ = {
			isa = XCSwiftPackageProductDependency;
			package = 424AF06A2396A53C00E9A5AE /* XCRemoteSwiftPackageReference "SDWebImage" */;
			productName = SDWebImage;
		};
		424AF09A2398B14900E9A5AE /* SDWebImage */ = {
			isa = XCSwiftPackageProductDependency;
			package = 424AF06A2396A53C00E9A5AE /* XCRemoteSwiftPackageReference "SDWebImage" */;
			productName = SDWebImage;
		};
		42568622239970A3008B1FD0 /* XCDYouTubeKit */ = {
			isa = XCSwiftPackageProductDependency;
			package = 42568621239970A3008B1FD0 /* XCRemoteSwiftPackageReference "XCDYouTubeKit" */;
			productName = XCDYouTubeKit;
		};
/* End XCSwiftPackageProductDependency section */
	};
	rootObject = 42EC96162347530500E85554 /* Project object */;
}
