// !$*UTF8*$!
{
	archiveVersion = 1;
	classes = {
	};
	objectVersion = 52;
	objects = {

/* Begin PBXBuildFile section */
		42070249253ADB8D00FDB2F6 /* SimilarMoviesCell.swift in Sources */ = {isa = PBXBuildFile; fileRef = 42070248253ADB8D00FDB2F6 /* SimilarMoviesCell.swift */; };
		4207024C253B06E300FDB2F6 /* Option.swift in Sources */ = {isa = PBXBuildFile; fileRef = 4207024B253B06E200FDB2F6 /* Option.swift */; };
		4207024F253B836F00FDB2F6 /* UtilityCell.swift in Sources */ = {isa = PBXBuildFile; fileRef = 4207024E253B836F00FDB2F6 /* UtilityCell.swift */; };
		42070260253C582D00FDB2F6 /* XCDYouTubeKit in Frameworks */ = {isa = PBXBuildFile; productRef = 4207025F253C582D00FDB2F6 /* XCDYouTubeKit */; };
		42070267253CF9CA00FDB2F6 /* SDWebImage in Frameworks */ = {isa = PBXBuildFile; productRef = 42070266253CF9CA00FDB2F6 /* SDWebImage */; };
		42070269253CF9CE00FDB2F6 /* SDWebImageMapKit in Frameworks */ = {isa = PBXBuildFile; productRef = 42070268253CF9CE00FDB2F6 /* SDWebImageMapKit */; };
		4212D3FC235DD5640088D876 /* PopularMoviesCell.xib in Resources */ = {isa = PBXBuildFile; fileRef = 4212D3FA235DD5640088D876 /* PopularMoviesCell.xib */; };
		4212D401235DE6EC0088D876 /* HeaderCell.swift in Sources */ = {isa = PBXBuildFile; fileRef = 4212D3FF235DE6EC0088D876 /* HeaderCell.swift */; };
		4212D402235DE6EC0088D876 /* HeaderCell.xib in Resources */ = {isa = PBXBuildFile; fileRef = 4212D400235DE6EC0088D876 /* HeaderCell.xib */; };
		4239E769239A85AC00B58E33 /* Model.xcdatamodeld in Sources */ = {isa = PBXBuildFile; fileRef = 4239E767239A85AC00B58E33 /* Model.xcdatamodeld */; };
		425186DF2372C85F00D0FA2B /* Api.swift in Sources */ = {isa = PBXBuildFile; fileRef = 425186DE2372C85F00D0FA2B /* Api.swift */; };
		4251F5302378EE4900677452 /* MovieImage.swift in Sources */ = {isa = PBXBuildFile; fileRef = 4251F52F2378EE4900677452 /* MovieImage.swift */; };
		425686252399A0D4008B1FD0 /* CustomImageCell.swift in Sources */ = {isa = PBXBuildFile; fileRef = 425686242399A0D4008B1FD0 /* CustomImageCell.swift */; };
		425686272399C439008B1FD0 /* WatchListController.swift in Sources */ = {isa = PBXBuildFile; fileRef = 425686262399C439008B1FD0 /* WatchListController.swift */; };
		425686292399C479008B1FD0 /* CinemaLocationController.swift in Sources */ = {isa = PBXBuildFile; fileRef = 425686282399C479008B1FD0 /* CinemaLocationController.swift */; };
		4256862B2399CC2C008B1FD0 /* Trailers.swift in Sources */ = {isa = PBXBuildFile; fileRef = 4256862A2399CC2C008B1FD0 /* Trailers.swift */; };
		4256862D2399D92F008B1FD0 /* CustomHeaderSlider.swift in Sources */ = {isa = PBXBuildFile; fileRef = 4256862C2399D92F008B1FD0 /* CustomHeaderSlider.swift */; };
		42663E18257259D100A0AAD8 /* animation1.json in Resources */ = {isa = PBXBuildFile; fileRef = 42663E15257259D100A0AAD8 /* animation1.json */; };
		42663E19257259D100A0AAD8 /* animation2.json in Resources */ = {isa = PBXBuildFile; fileRef = 42663E16257259D100A0AAD8 /* animation2.json */; };
		42663E1A257259D100A0AAD8 /* animation3.json in Resources */ = {isa = PBXBuildFile; fileRef = 42663E17257259D100A0AAD8 /* animation3.json */; };
		42663E222572A08B00A0AAD8 /* OnBoardingView.swift in Sources */ = {isa = PBXBuildFile; fileRef = 42663E212572A08B00A0AAD8 /* OnBoardingView.swift */; };
		4278B4872573F6D80054A1AD /* animation4.json in Resources */ = {isa = PBXBuildFile; fileRef = 4278B4862573F6D80054A1AD /* animation4.json */; };
		428E4B4F2571ACA3008F7BFF /* CollectionViewCustomLayout.swift in Sources */ = {isa = PBXBuildFile; fileRef = 428E4B4E2571ACA3008F7BFF /* CollectionViewCustomLayout.swift */; };
		428E4FD823759ACB00023E58 /* Helper.swift in Sources */ = {isa = PBXBuildFile; fileRef = 428E4FD723759ACB00023E58 /* Helper.swift */; };
		428E4FDC2375F52E00023E58 /* Movies.swift in Sources */ = {isa = PBXBuildFile; fileRef = 428E4FDB2375F52E00023E58 /* Movies.swift */; };
		429EF1BC2572AA6500456D92 /* Lottie in Frameworks */ = {isa = PBXBuildFile; productRef = 429EF1BB2572AA6500456D92 /* Lottie */; };
		42A8EF642524CA51009C36F7 /* DetailsController.swift in Sources */ = {isa = PBXBuildFile; fileRef = 42A8EF632524CA51009C36F7 /* DetailsController.swift */; };
		42A8EF6625262449009C36F7 /* MoviePictureView.swift in Sources */ = {isa = PBXBuildFile; fileRef = 42A8EF6525262449009C36F7 /* MoviePictureView.swift */; };
		42A8EF6925266571009C36F7 /* MovieCast.swift in Sources */ = {isa = PBXBuildFile; fileRef = 42A8EF6825266571009C36F7 /* MovieCast.swift */; };
		42A8EF6B252675D0009C36F7 /* MovieCastCell.swift in Sources */ = {isa = PBXBuildFile; fileRef = 42A8EF6A252675D0009C36F7 /* MovieCastCell.swift */; };
		42A8EF6D25267610009C36F7 /* MovieInformationCell.swift in Sources */ = {isa = PBXBuildFile; fileRef = 42A8EF6C25267610009C36F7 /* MovieInformationCell.swift */; };
		42A8EF6F25267695009C36F7 /* MoviesImageHeaderCell.swift in Sources */ = {isa = PBXBuildFile; fileRef = 42A8EF6E25267695009C36F7 /* MoviesImageHeaderCell.swift */; };
		42A8EF7125275D8F009C36F7 /* TitleOverViewCell.swift in Sources */ = {isa = PBXBuildFile; fileRef = 42A8EF7025275D8F009C36F7 /* TitleOverViewCell.swift */; };
		42CB167B256DB2770087015C /* BookMarkCell.swift in Sources */ = {isa = PBXBuildFile; fileRef = 42CB167A256DB2770087015C /* BookMarkCell.swift */; };
		42D5F2E92378A6D90057E18B /* PopularMoviesCell.swift in Sources */ = {isa = PBXBuildFile; fileRef = 42D5F2E82378A6D90057E18B /* PopularMoviesCell.swift */; };
		42DAC1122571E1800013F2E8 /* OnBoardingController.swift in Sources */ = {isa = PBXBuildFile; fileRef = 42DAC1112571E1800013F2E8 /* OnBoardingController.swift */; };
		42E448ED257324AB001C68A3 /* Page.swift in Sources */ = {isa = PBXBuildFile; fileRef = 42E448EC257324AB001C68A3 /* Page.swift */; };
		42EC96222347530500E85554 /* AppDelegate.swift in Sources */ = {isa = PBXBuildFile; fileRef = 42EC96212347530500E85554 /* AppDelegate.swift */; };
		42EC96242347530500E85554 /* SceneDelegate.swift in Sources */ = {isa = PBXBuildFile; fileRef = 42EC96232347530500E85554 /* SceneDelegate.swift */; };
		42EC96262347530500E85554 /* PopularMoviesController.swift in Sources */ = {isa = PBXBuildFile; fileRef = 42EC96252347530500E85554 /* PopularMoviesController.swift */; };
		42EC962B2347530700E85554 /* Assets.xcassets in Resources */ = {isa = PBXBuildFile; fileRef = 42EC962A2347530700E85554 /* Assets.xcassets */; };
		42EC962E2347530700E85554 /* LaunchScreen.storyboard in Resources */ = {isa = PBXBuildFile; fileRef = 42EC962C2347530700E85554 /* LaunchScreen.storyboard */; };
		42EC963D2347630300E85554 /* Custom.storyboard in Resources */ = {isa = PBXBuildFile; fileRef = 42EC963C2347630300E85554 /* Custom.storyboard */; };
		42EE5FEC2359C6AD00FDCD89 /* CinematoTabBarController.swift in Sources */ = {isa = PBXBuildFile; fileRef = 42EE5FEB2359C6AD00FDCD89 /* CinematoTabBarController.swift */; };
		4B150F9C2399E71C00EBD5C2 /* TVController.swift in Sources */ = {isa = PBXBuildFile; fileRef = 4B150F9B2399E71C00EBD5C2 /* TVController.swift */; };
/* End PBXBuildFile section */

/* Begin PBXFileReference section */
		42070248253ADB8D00FDB2F6 /* SimilarMoviesCell.swift */ = {isa = PBXFileReference; lastKnownFileType = sourcecode.swift; path = SimilarMoviesCell.swift; sourceTree = "<group>"; };
		4207024B253B06E200FDB2F6 /* Option.swift */ = {isa = PBXFileReference; lastKnownFileType = sourcecode.swift; path = Option.swift; sourceTree = "<group>"; };
		4207024E253B836F00FDB2F6 /* UtilityCell.swift */ = {isa = PBXFileReference; lastKnownFileType = sourcecode.swift; path = UtilityCell.swift; sourceTree = "<group>"; };
		4212D3FA235DD5640088D876 /* PopularMoviesCell.xib */ = {isa = PBXFileReference; lastKnownFileType = file.xib; path = PopularMoviesCell.xib; sourceTree = "<group>"; };
		4212D3FF235DE6EC0088D876 /* HeaderCell.swift */ = {isa = PBXFileReference; lastKnownFileType = sourcecode.swift; path = HeaderCell.swift; sourceTree = "<group>"; };
		4212D400235DE6EC0088D876 /* HeaderCell.xib */ = {isa = PBXFileReference; lastKnownFileType = file.xib; path = HeaderCell.xib; sourceTree = "<group>"; };
		4239E768239A85AC00B58E33 /* Movie.xcdatamodel */ = {isa = PBXFileReference; lastKnownFileType = wrapper.xcdatamodel; path = Movie.xcdatamodel; sourceTree = "<group>"; };
		425186DE2372C85F00D0FA2B /* Api.swift */ = {isa = PBXFileReference; lastKnownFileType = sourcecode.swift; path = Api.swift; sourceTree = "<group>"; };
		4251F52F2378EE4900677452 /* MovieImage.swift */ = {isa = PBXFileReference; lastKnownFileType = sourcecode.swift; path = MovieImage.swift; sourceTree = "<group>"; };
		425686242399A0D4008B1FD0 /* CustomImageCell.swift */ = {isa = PBXFileReference; lastKnownFileType = sourcecode.swift; path = CustomImageCell.swift; sourceTree = "<group>"; };
		425686262399C439008B1FD0 /* WatchListController.swift */ = {isa = PBXFileReference; lastKnownFileType = sourcecode.swift; path = WatchListController.swift; sourceTree = "<group>"; };
		425686282399C479008B1FD0 /* CinemaLocationController.swift */ = {isa = PBXFileReference; lastKnownFileType = sourcecode.swift; path = CinemaLocationController.swift; sourceTree = "<group>"; };
		4256862A2399CC2C008B1FD0 /* Trailers.swift */ = {isa = PBXFileReference; lastKnownFileType = sourcecode.swift; path = Trailers.swift; sourceTree = "<group>"; };
		4256862C2399D92F008B1FD0 /* CustomHeaderSlider.swift */ = {isa = PBXFileReference; lastKnownFileType = sourcecode.swift; path = CustomHeaderSlider.swift; sourceTree = "<group>"; };
		4256862E239A82B2008B1FD0 /* MapKit.framework */ = {isa = PBXFileReference; lastKnownFileType = wrapper.framework; name = MapKit.framework; path = System/Library/Frameworks/MapKit.framework; sourceTree = SDKROOT; };
		42663E15257259D100A0AAD8 /* animation1.json */ = {isa = PBXFileReference; fileEncoding = 4; lastKnownFileType = text.json; path = animation1.json; sourceTree = "<group>"; };
		42663E16257259D100A0AAD8 /* animation2.json */ = {isa = PBXFileReference; fileEncoding = 4; lastKnownFileType = text.json; path = animation2.json; sourceTree = "<group>"; };
		42663E17257259D100A0AAD8 /* animation3.json */ = {isa = PBXFileReference; fileEncoding = 4; lastKnownFileType = text.json; path = animation3.json; sourceTree = "<group>"; };
		42663E212572A08B00A0AAD8 /* OnBoardingView.swift */ = {isa = PBXFileReference; lastKnownFileType = sourcecode.swift; path = OnBoardingView.swift; sourceTree = "<group>"; };
		4278B4862573F6D80054A1AD /* animation4.json */ = {isa = PBXFileReference; fileEncoding = 4; lastKnownFileType = text.json; path = animation4.json; sourceTree = "<group>"; };
		428E4B4E2571ACA3008F7BFF /* CollectionViewCustomLayout.swift */ = {isa = PBXFileReference; lastKnownFileType = sourcecode.swift; path = CollectionViewCustomLayout.swift; sourceTree = "<group>"; };
		428E4FD723759ACB00023E58 /* Helper.swift */ = {isa = PBXFileReference; lastKnownFileType = sourcecode.swift; path = Helper.swift; sourceTree = "<group>"; };
		428E4FDB2375F52E00023E58 /* Movies.swift */ = {isa = PBXFileReference; lastKnownFileType = sourcecode.swift; path = Movies.swift; sourceTree = "<group>"; };
		42A8EF632524CA51009C36F7 /* DetailsController.swift */ = {isa = PBXFileReference; lastKnownFileType = sourcecode.swift; path = DetailsController.swift; sourceTree = "<group>"; };
		42A8EF6525262449009C36F7 /* MoviePictureView.swift */ = {isa = PBXFileReference; lastKnownFileType = sourcecode.swift; path = MoviePictureView.swift; sourceTree = "<group>"; };
		42A8EF6825266571009C36F7 /* MovieCast.swift */ = {isa = PBXFileReference; lastKnownFileType = sourcecode.swift; path = MovieCast.swift; sourceTree = "<group>"; };
		42A8EF6A252675D0009C36F7 /* MovieCastCell.swift */ = {isa = PBXFileReference; lastKnownFileType = sourcecode.swift; path = MovieCastCell.swift; sourceTree = "<group>"; };
		42A8EF6C25267610009C36F7 /* MovieInformationCell.swift */ = {isa = PBXFileReference; lastKnownFileType = sourcecode.swift; path = MovieInformationCell.swift; sourceTree = "<group>"; };
		42A8EF6E25267695009C36F7 /* MoviesImageHeaderCell.swift */ = {isa = PBXFileReference; lastKnownFileType = sourcecode.swift; path = MoviesImageHeaderCell.swift; sourceTree = "<group>"; };
		42A8EF7025275D8F009C36F7 /* TitleOverViewCell.swift */ = {isa = PBXFileReference; lastKnownFileType = sourcecode.swift; path = TitleOverViewCell.swift; sourceTree = "<group>"; };
		42CB167A256DB2770087015C /* BookMarkCell.swift */ = {isa = PBXFileReference; lastKnownFileType = sourcecode.swift; path = BookMarkCell.swift; sourceTree = "<group>"; };
		42D5F2E82378A6D90057E18B /* PopularMoviesCell.swift */ = {isa = PBXFileReference; lastKnownFileType = sourcecode.swift; path = PopularMoviesCell.swift; sourceTree = "<group>"; };
		42DAC1112571E1800013F2E8 /* OnBoardingController.swift */ = {isa = PBXFileReference; lastKnownFileType = sourcecode.swift; path = OnBoardingController.swift; sourceTree = "<group>"; };
		42E448EC257324AB001C68A3 /* Page.swift */ = {isa = PBXFileReference; lastKnownFileType = sourcecode.swift; path = Page.swift; sourceTree = "<group>"; };
		42EC961E2347530500E85554 /* Cinemtiyo.app */ = {isa = PBXFileReference; explicitFileType = wrapper.application; includeInIndex = 0; path = Cinemtiyo.app; sourceTree = BUILT_PRODUCTS_DIR; };
		42EC96212347530500E85554 /* AppDelegate.swift */ = {isa = PBXFileReference; lastKnownFileType = sourcecode.swift; path = AppDelegate.swift; sourceTree = "<group>"; };
		42EC96232347530500E85554 /* SceneDelegate.swift */ = {isa = PBXFileReference; lastKnownFileType = sourcecode.swift; path = SceneDelegate.swift; sourceTree = "<group>"; };
		42EC96252347530500E85554 /* PopularMoviesController.swift */ = {isa = PBXFileReference; lastKnownFileType = sourcecode.swift; path = PopularMoviesController.swift; sourceTree = "<group>"; };
		42EC962A2347530700E85554 /* Assets.xcassets */ = {isa = PBXFileReference; lastKnownFileType = folder.assetcatalog; path = Assets.xcassets; sourceTree = "<group>"; };
		42EC962D2347530700E85554 /* Base */ = {isa = PBXFileReference; lastKnownFileType = file.storyboard; name = Base; path = Base.lproj/LaunchScreen.storyboard; sourceTree = "<group>"; };
		42EC962F2347530700E85554 /* Info.plist */ = {isa = PBXFileReference; lastKnownFileType = text.plist.xml; path = Info.plist; sourceTree = "<group>"; };
		42EC963C2347630300E85554 /* Custom.storyboard */ = {isa = PBXFileReference; lastKnownFileType = file.storyboard; path = Custom.storyboard; sourceTree = "<group>"; };
		42EE5FEB2359C6AD00FDCD89 /* CinematoTabBarController.swift */ = {isa = PBXFileReference; lastKnownFileType = sourcecode.swift; path = CinematoTabBarController.swift; sourceTree = "<group>"; };
		4B150F9B2399E71C00EBD5C2 /* TVController.swift */ = {isa = PBXFileReference; lastKnownFileType = sourcecode.swift; path = TVController.swift; sourceTree = "<group>"; };
/* End PBXFileReference section */

/* Begin PBXFrameworksBuildPhase section */
		42EC961B2347530500E85554 /* Frameworks */ = {
			isa = PBXFrameworksBuildPhase;
			buildActionMask = 2147483647;
			files = (
				42070267253CF9CA00FDB2F6 /* SDWebImage in Frameworks */,
				42070269253CF9CE00FDB2F6 /* SDWebImageMapKit in Frameworks */,
				42070260253C582D00FDB2F6 /* XCDYouTubeKit in Frameworks */,
				429EF1BC2572AA6500456D92 /* Lottie in Frameworks */,
			);
			runOnlyForDeploymentPostprocessing = 0;
		};
/* End PBXFrameworksBuildPhase section */

/* Begin PBXGroup section */
		424AF0892398440400E9A5AE /* Frameworks */ = {
			isa = PBXGroup;
			children = (
				4256862E239A82B2008B1FD0 /* MapKit.framework */,
			);
			name = Frameworks;
			sourceTree = "<group>";
		};
		425186DD2372C84900D0FA2B /* DataServices */ = {
			isa = PBXGroup;
			children = (
				425186DE2372C85F00D0FA2B /* Api.swift */,
			);
			path = DataServices;
			sourceTree = "<group>";
		};
		42565BC725338A9B0033089F /* UtilitesView */ = {
			isa = PBXGroup;
			children = (
				42A8EF6525262449009C36F7 /* MoviePictureView.swift */,
			);
			path = UtilitesView;
			sourceTree = "<group>";
		};
		42565BCA25338C070033089F /* PopularView */ = {
			isa = PBXGroup;
			children = (
				42D5F2E82378A6D90057E18B /* PopularMoviesCell.swift */,
				4212D3FA235DD5640088D876 /* PopularMoviesCell.xib */,
				4212D3FF235DE6EC0088D876 /* HeaderCell.swift */,
				4212D400235DE6EC0088D876 /* HeaderCell.xib */,
				4256862C2399D92F008B1FD0 /* CustomHeaderSlider.swift */,
			);
			path = PopularView;
			sourceTree = "<group>";
		};
		42663E14257259A200A0AAD8 /* Animations */ = {
			isa = PBXGroup;
			children = (
				42663E15257259D100A0AAD8 /* animation1.json */,
				42663E16257259D100A0AAD8 /* animation2.json */,
				42663E17257259D100A0AAD8 /* animation3.json */,
				4278B4862573F6D80054A1AD /* animation4.json */,
			);
			path = Animations;
			sourceTree = "<group>";
		};
		42663E202572A07300A0AAD8 /* OnBoardingView */ = {
			isa = PBXGroup;
			children = (
				42663E212572A08B00A0AAD8 /* OnBoardingView.swift */,
			);
			path = OnBoardingView;
			sourceTree = "<group>";
		};
		428E4FD62375993A00023E58 /* Extension */ = {
			isa = PBXGroup;
			children = (
				428E4FD723759ACB00023E58 /* Helper.swift */,
				428E4B4E2571ACA3008F7BFF /* CollectionViewCustomLayout.swift */,
			);
			path = Extension;
			sourceTree = "<group>";
		};
		42A8EF6725266105009C36F7 /* TabController */ = {
			isa = PBXGroup;
			children = (
				42EE5FEB2359C6AD00FDCD89 /* CinematoTabBarController.swift */,
			);
			path = TabController;
			sourceTree = "<group>";
		};
		42EC96152347530500E85554 = {
			isa = PBXGroup;
			children = (
				42EC96202347530500E85554 /* Cinemtiyo */,
				42EC961F2347530500E85554 /* Products */,
				424AF0892398440400E9A5AE /* Frameworks */,
			);
			sourceTree = "<group>";
		};
		42EC961F2347530500E85554 /* Products */ = {
			isa = PBXGroup;
			children = (
				42EC961E2347530500E85554 /* Cinemtiyo.app */,
			);
			name = Products;
			sourceTree = "<group>";
		};
		42EC96202347530500E85554 /* Cinemtiyo */ = {
			isa = PBXGroup;
			children = (
				42663E14257259A200A0AAD8 /* Animations */,
				428E4FD62375993A00023E58 /* Extension */,
				425186DD2372C84900D0FA2B /* DataServices */,
				42EC963A2347628700E85554 /* StoryBoards */,
				42EC96392347623F00E85554 /* Controller */,
				42EC96382347623A00E85554 /* View */,
				42EC96372347623400E85554 /* Model */,
				42EC96212347530500E85554 /* AppDelegate.swift */,
				42EC96232347530500E85554 /* SceneDelegate.swift */,
				42EC962A2347530700E85554 /* Assets.xcassets */,
				42EC962C2347530700E85554 /* LaunchScreen.storyboard */,
				42EC962F2347530700E85554 /* Info.plist */,
				4239E767239A85AC00B58E33 /* Model.xcdatamodeld */,
			);
			path = Cinemtiyo;
			sourceTree = "<group>";
		};
		42EC96372347623400E85554 /* Model */ = {
			isa = PBXGroup;
			children = (
				428E4FDB2375F52E00023E58 /* Movies.swift */,
				4251F52F2378EE4900677452 /* MovieImage.swift */,
				4256862A2399CC2C008B1FD0 /* Trailers.swift */,
				42A8EF6825266571009C36F7 /* MovieCast.swift */,
				4207024B253B06E200FDB2F6 /* Option.swift */,
				42E448EC257324AB001C68A3 /* Page.swift */,
			);
			path = Model;
			sourceTree = "<group>";
		};
		42EC96382347623A00E85554 /* View */ = {
			isa = PBXGroup;
			children = (
				42663E202572A07300A0AAD8 /* OnBoardingView */,
				42565BCA25338C070033089F /* PopularView */,
				42565BC725338A9B0033089F /* UtilitesView */,
				42A8EF6A252675D0009C36F7 /* MovieCastCell.swift */,
				42A8EF6C25267610009C36F7 /* MovieInformationCell.swift */,
				4207024E253B836F00FDB2F6 /* UtilityCell.swift */,
				425686242399A0D4008B1FD0 /* CustomImageCell.swift */,
				42A8EF6E25267695009C36F7 /* MoviesImageHeaderCell.swift */,
				42A8EF7025275D8F009C36F7 /* TitleOverViewCell.swift */,
				42070248253ADB8D00FDB2F6 /* SimilarMoviesCell.swift */,
				42CB167A256DB2770087015C /* BookMarkCell.swift */,
			);
			path = View;
			sourceTree = "<group>";
		};
		42EC96392347623F00E85554 /* Controller */ = {
			isa = PBXGroup;
			children = (
				42A8EF6725266105009C36F7 /* TabController */,
				42EC96252347530500E85554 /* PopularMoviesController.swift */,
				425686262399C439008B1FD0 /* WatchListController.swift */,
				425686282399C479008B1FD0 /* CinemaLocationController.swift */,
				4B150F9B2399E71C00EBD5C2 /* TVController.swift */,
				42A8EF632524CA51009C36F7 /* DetailsController.swift */,
				42DAC1112571E1800013F2E8 /* OnBoardingController.swift */,
			);
			path = Controller;
			sourceTree = "<group>";
		};
		42EC963A2347628700E85554 /* StoryBoards */ = {
			isa = PBXGroup;
			children = (
				42EC963C2347630300E85554 /* Custom.storyboard */,
			);
			path = StoryBoards;
			sourceTree = "<group>";
		};
/* End PBXGroup section */

/* Begin PBXNativeTarget section */
		42EC961D2347530500E85554 /* Cinemtiyo */ = {
			isa = PBXNativeTarget;
			buildConfigurationList = 42EC96322347530700E85554 /* Build configuration list for PBXNativeTarget "Cinemtiyo" */;
			buildPhases = (
				42EC961A2347530500E85554 /* Sources */,
				42EC961B2347530500E85554 /* Frameworks */,
				42EC961C2347530500E85554 /* Resources */,
			);
			buildRules = (
			);
			dependencies = (
			);
			name = Cinemtiyo;
			packageProductDependencies = (
				4207025F253C582D00FDB2F6 /* XCDYouTubeKit */,
				42070266253CF9CA00FDB2F6 /* SDWebImage */,
				42070268253CF9CE00FDB2F6 /* SDWebImageMapKit */,
				429EF1BB2572AA6500456D92 /* Lottie */,
			);
			productName = CharityProject;
			productReference = 42EC961E2347530500E85554 /* Cinemtiyo.app */;
			productType = "com.apple.product-type.application";
		};
/* End PBXNativeTarget section */

/* Begin PBXProject section */
		42EC96162347530500E85554 /* Project object */ = {
			isa = PBXProject;
			attributes = {
				LastSwiftUpdateCheck = 1100;
				LastUpgradeCheck = 1200;
				ORGANIZATIONNAME = "Vinayak Sareen";
				TargetAttributes = {
					42EC961D2347530500E85554 = {
						CreatedOnToolsVersion = 11.0;
					};
				};
			};
			buildConfigurationList = 42EC96192347530500E85554 /* Build configuration list for PBXProject "Cinemtiyo" */;
			compatibilityVersion = "Xcode 9.3";
			developmentRegion = en;
			hasScannedForEncodings = 0;
			knownRegions = (
				en,
				Base,
			);
			mainGroup = 42EC96152347530500E85554;
			packageReferences = (
				424AF06A2396A53C00E9A5AE /* XCRemoteSwiftPackageReference "SDWebImage" */,
				42568621239970A3008B1FD0 /* XCRemoteSwiftPackageReference "XCDYouTubeKit" */,
				429EF1BA2572AA6500456D92 /* XCRemoteSwiftPackageReference "lottie-ios" */,
			);
			productRefGroup = 42EC961F2347530500E85554 /* Products */;
			projectDirPath = "";
			projectRoot = "";
			targets = (
				42EC961D2347530500E85554 /* Cinemtiyo */,
			);
		};
/* End PBXProject section */

/* Begin PBXResourcesBuildPhase section */
		42EC961C2347530500E85554 /* Resources */ = {
			isa = PBXResourcesBuildPhase;
			buildActionMask = 2147483647;
			files = (
				42EC963D2347630300E85554 /* Custom.storyboard in Resources */,
				4278B4872573F6D80054A1AD /* animation4.json in Resources */,
				4212D3FC235DD5640088D876 /* PopularMoviesCell.xib in Resources */,
				42663E1A257259D100A0AAD8 /* animation3.json in Resources */,
				42EC962E2347530700E85554 /* LaunchScreen.storyboard in Resources */,
				4212D402235DE6EC0088D876 /* HeaderCell.xib in Resources */,
				42663E18257259D100A0AAD8 /* animation1.json in Resources */,
				42EC962B2347530700E85554 /* Assets.xcassets in Resources */,
				42663E19257259D100A0AAD8 /* animation2.json in Resources */,
			);
			runOnlyForDeploymentPostprocessing = 0;
		};
/* End PBXResourcesBuildPhase section */

/* Begin PBXSourcesBuildPhase section */
		42EC961A2347530500E85554 /* Sources */ = {
			isa = PBXSourcesBuildPhase;
			buildActionMask = 2147483647;
			files = (
				4207024C253B06E300FDB2F6 /* Option.swift in Sources */,
				42A8EF6B252675D0009C36F7 /* MovieCastCell.swift in Sources */,
				42E448ED257324AB001C68A3 /* Page.swift in Sources */,
				42A8EF6F25267695009C36F7 /* MoviesImageHeaderCell.swift in Sources */,
				42A8EF6925266571009C36F7 /* MovieCast.swift in Sources */,
				4207024F253B836F00FDB2F6 /* UtilityCell.swift in Sources */,
				428E4FD823759ACB00023E58 /* Helper.swift in Sources */,
				42070249253ADB8D00FDB2F6 /* SimilarMoviesCell.swift in Sources */,
				42D5F2E92378A6D90057E18B /* PopularMoviesCell.swift in Sources */,
				4B150F9C2399E71C00EBD5C2 /* TVController.swift in Sources */,
				42A8EF7125275D8F009C36F7 /* TitleOverViewCell.swift in Sources */,
				42EC96262347530500E85554 /* PopularMoviesController.swift in Sources */,
				425686252399A0D4008B1FD0 /* CustomImageCell.swift in Sources */,
				42EC96222347530500E85554 /* AppDelegate.swift in Sources */,
				4256862D2399D92F008B1FD0 /* CustomHeaderSlider.swift in Sources */,
				428E4B4F2571ACA3008F7BFF /* CollectionViewCustomLayout.swift in Sources */,
				425186DF2372C85F00D0FA2B /* Api.swift in Sources */,
				4239E769239A85AC00B58E33 /* Model.xcdatamodeld in Sources */,
				42A8EF642524CA51009C36F7 /* DetailsController.swift in Sources */,
				42DAC1122571E1800013F2E8 /* OnBoardingController.swift in Sources */,
				42A8EF6625262449009C36F7 /* MoviePictureView.swift in Sources */,
				42EE5FEC2359C6AD00FDCD89 /* CinematoTabBarController.swift in Sources */,
				425686292399C479008B1FD0 /* CinemaLocationController.swift in Sources */,
				425686272399C439008B1FD0 /* WatchListController.swift in Sources */,
				4212D401235DE6EC0088D876 /* HeaderCell.swift in Sources */,
				42EC96242347530500E85554 /* SceneDelegate.swift in Sources */,
				42CB167B256DB2770087015C /* BookMarkCell.swift in Sources */,
				42663E222572A08B00A0AAD8 /* OnBoardingView.swift in Sources */,
				428E4FDC2375F52E00023E58 /* Movies.swift in Sources */,
				42A8EF6D25267610009C36F7 /* MovieInformationCell.swift in Sources */,
				4251F5302378EE4900677452 /* MovieImage.swift in Sources */,
				4256862B2399CC2C008B1FD0 /* Trailers.swift in Sources */,
			);
			runOnlyForDeploymentPostprocessing = 0;
		};
/* End PBXSourcesBuildPhase section */

/* Begin PBXVariantGroup section */
		42EC962C2347530700E85554 /* LaunchScreen.storyboard */ = {
			isa = PBXVariantGroup;
			children = (
				42EC962D2347530700E85554 /* Base */,
			);
			name = LaunchScreen.storyboard;
			sourceTree = "<group>";
		};
/* End PBXVariantGroup section */

/* Begin XCBuildConfiguration section */
		42EC96302347530700E85554 /* Debug */ = {
			isa = XCBuildConfiguration;
			buildSettings = {
				ALWAYS_SEARCH_USER_PATHS = NO;
				CLANG_ANALYZER_NONNULL = YES;
				CLANG_ANALYZER_NUMBER_OBJECT_CONVERSION = YES_AGGRESSIVE;
				CLANG_CXX_LANGUAGE_STANDARD = "gnu++14";
				CLANG_CXX_LIBRARY = "libc++";
				CLANG_ENABLE_MODULES = YES;
				CLANG_ENABLE_OBJC_ARC = YES;
				CLANG_ENABLE_OBJC_WEAK = YES;
				CLANG_WARN_BLOCK_CAPTURE_AUTORELEASING = YES;
				CLANG_WARN_BOOL_CONVERSION = YES;
				CLANG_WARN_COMMA = YES;
				CLANG_WARN_CONSTANT_CONVERSION = YES;
				CLANG_WARN_DEPRECATED_OBJC_IMPLEMENTATIONS = YES;
				CLANG_WARN_DIRECT_OBJC_ISA_USAGE = YES_ERROR;
				CLANG_WARN_DOCUMENTATION_COMMENTS = YES;
				CLANG_WARN_EMPTY_BODY = YES;
				CLANG_WARN_ENUM_CONVERSION = YES;
				CLANG_WARN_INFINITE_RECURSION = YES;
				CLANG_WARN_INT_CONVERSION = YES;
				CLANG_WARN_NON_LITERAL_NULL_CONVERSION = YES;
				CLANG_WARN_OBJC_IMPLICIT_RETAIN_SELF = YES;
				CLANG_WARN_OBJC_LITERAL_CONVERSION = YES;
				CLANG_WARN_OBJC_ROOT_CLASS = YES_ERROR;
				CLANG_WARN_QUOTED_INCLUDE_IN_FRAMEWORK_HEADER = YES;
				CLANG_WARN_RANGE_LOOP_ANALYSIS = YES;
				CLANG_WARN_STRICT_PROTOTYPES = YES;
				CLANG_WARN_SUSPICIOUS_MOVE = YES;
				CLANG_WARN_UNGUARDED_AVAILABILITY = YES_AGGRESSIVE;
				CLANG_WARN_UNREACHABLE_CODE = YES;
				CLANG_WARN__DUPLICATE_METHOD_MATCH = YES;
				COPY_PHASE_STRIP = NO;
				DEBUG_INFORMATION_FORMAT = dwarf;
				ENABLE_STRICT_OBJC_MSGSEND = YES;
				ENABLE_TESTABILITY = YES;
				GCC_C_LANGUAGE_STANDARD = gnu11;
				GCC_DYNAMIC_NO_PIC = NO;
				GCC_NO_COMMON_BLOCKS = YES;
				GCC_OPTIMIZATION_LEVEL = 0;
				GCC_PREPROCESSOR_DEFINITIONS = (
					"DEBUG=1",
					"$(inherited)",
				);
				GCC_WARN_64_TO_32_BIT_CONVERSION = YES;
				GCC_WARN_ABOUT_RETURN_TYPE = YES_ERROR;
				GCC_WARN_UNDECLARED_SELECTOR = YES;
				GCC_WARN_UNINITIALIZED_AUTOS = YES_AGGRESSIVE;
				GCC_WARN_UNUSED_FUNCTION = YES;
				GCC_WARN_UNUSED_VARIABLE = YES;
				IPHONEOS_DEPLOYMENT_TARGET = 14.0;
				MTL_ENABLE_DEBUG_INFO = INCLUDE_SOURCE;
				MTL_FAST_MATH = YES;
				ONLY_ACTIVE_ARCH = YES;
				SDKROOT = iphoneos;
				SWIFT_ACTIVE_COMPILATION_CONDITIONS = DEBUG;
				SWIFT_OPTIMIZATION_LEVEL = "-Onone";
			};
			name = Debug;
		};
		42EC96312347530700E85554 /* Release */ = {
			isa = XCBuildConfiguration;
			buildSettings = {
				ALWAYS_SEARCH_USER_PATHS = NO;
				CLANG_ANALYZER_NONNULL = YES;
				CLANG_ANALYZER_NUMBER_OBJECT_CONVERSION = YES_AGGRESSIVE;
				CLANG_CXX_LANGUAGE_STANDARD = "gnu++14";
				CLANG_CXX_LIBRARY = "libc++";
				CLANG_ENABLE_MODULES = YES;
				CLANG_ENABLE_OBJC_ARC = YES;
				CLANG_ENABLE_OBJC_WEAK = YES;
				CLANG_WARN_BLOCK_CAPTURE_AUTORELEASING = YES;
				CLANG_WARN_BOOL_CONVERSION = YES;
				CLANG_WARN_COMMA = YES;
				CLANG_WARN_CONSTANT_CONVERSION = YES;
				CLANG_WARN_DEPRECATED_OBJC_IMPLEMENTATIONS = YES;
				CLANG_WARN_DIRECT_OBJC_ISA_USAGE = YES_ERROR;
				CLANG_WARN_DOCUMENTATION_COMMENTS = YES;
				CLANG_WARN_EMPTY_BODY = YES;
				CLANG_WARN_ENUM_CONVERSION = YES;
				CLANG_WARN_INFINITE_RECURSION = YES;
				CLANG_WARN_INT_CONVERSION = YES;
				CLANG_WARN_NON_LITERAL_NULL_CONVERSION = YES;
				CLANG_WARN_OBJC_IMPLICIT_RETAIN_SELF = YES;
				CLANG_WARN_OBJC_LITERAL_CONVERSION = YES;
				CLANG_WARN_OBJC_ROOT_CLASS = YES_ERROR;
				CLANG_WARN_QUOTED_INCLUDE_IN_FRAMEWORK_HEADER = YES;
				CLANG_WARN_RANGE_LOOP_ANALYSIS = YES;
				CLANG_WARN_STRICT_PROTOTYPES = YES;
				CLANG_WARN_SUSPICIOUS_MOVE = YES;
				CLANG_WARN_UNGUARDED_AVAILABILITY = YES_AGGRESSIVE;
				CLANG_WARN_UNREACHABLE_CODE = YES;
				CLANG_WARN__DUPLICATE_METHOD_MATCH = YES;
				COPY_PHASE_STRIP = NO;
				DEBUG_INFORMATION_FORMAT = "dwarf-with-dsym";
				ENABLE_NS_ASSERTIONS = NO;
				ENABLE_STRICT_OBJC_MSGSEND = YES;
				GCC_C_LANGUAGE_STANDARD = gnu11;
				GCC_NO_COMMON_BLOCKS = YES;
				GCC_WARN_64_TO_32_BIT_CONVERSION = YES;
				GCC_WARN_ABOUT_RETURN_TYPE = YES_ERROR;
				GCC_WARN_UNDECLARED_SELECTOR = YES;
				GCC_WARN_UNINITIALIZED_AUTOS = YES_AGGRESSIVE;
				GCC_WARN_UNUSED_FUNCTION = YES;
				GCC_WARN_UNUSED_VARIABLE = YES;
				IPHONEOS_DEPLOYMENT_TARGET = 14.0;
				MTL_ENABLE_DEBUG_INFO = NO;
				MTL_FAST_MATH = YES;
				SDKROOT = iphoneos;
				SWIFT_COMPILATION_MODE = wholemodule;
				SWIFT_OPTIMIZATION_LEVEL = "-O";
				VALIDATE_PRODUCT = YES;
			};
			name = Release;
		};
		42EC96332347530700E85554 /* Debug */ = {
			isa = XCBuildConfiguration;
			buildSettings = {
				ASSETCATALOG_COMPILER_APPICON_NAME = AppIcon;
				CODE_SIGN_STYLE = Automatic;
				DEVELOPMENT_TEAM = Z6YU2DE97Z;
				INFOPLIST_FILE = Cinemtiyo/Info.plist;
				IPHONEOS_DEPLOYMENT_TARGET = 13.6;
				LD_RUNPATH_SEARCH_PATHS = (
					"$(inherited)",
					"@executable_path/Frameworks",
				);
				PRODUCT_BUNDLE_IDENTIFIER = tech.Cinemtiyo;
				PRODUCT_NAME = Cinemtiyo;
				SWIFT_VERSION = 5.0;
				TARGETED_DEVICE_FAMILY = 1;
			};
			name = Debug;
		};
		42EC96342347530700E85554 /* Release */ = {
			isa = XCBuildConfiguration;
			buildSettings = {
				ASSETCATALOG_COMPILER_APPICON_NAME = AppIcon;
				CODE_SIGN_STYLE = Automatic;
				DEVELOPMENT_TEAM = Z6YU2DE97Z;
				INFOPLIST_FILE = Cinemtiyo/Info.plist;
				IPHONEOS_DEPLOYMENT_TARGET = 13.6;
				LD_RUNPATH_SEARCH_PATHS = (
					"$(inherited)",
					"@executable_path/Frameworks",
				);
				PRODUCT_BUNDLE_IDENTIFIER = tech.Cinemtiyo;
				PRODUCT_NAME = Cinemtiyo;
				SWIFT_VERSION = 5.0;
				TARGETED_DEVICE_FAMILY = 1;
			};
			name = Release;
		};
/* End XCBuildConfiguration section */

/* Begin XCConfigurationList section */
		42EC96192347530500E85554 /* Build configuration list for PBXProject "Cinemtiyo" */ = {
			isa = XCConfigurationList;
			buildConfigurations = (
				42EC96302347530700E85554 /* Debug */,
				42EC96312347530700E85554 /* Release */,
			);
			defaultConfigurationIsVisible = 0;
			defaultConfigurationName = Release;
		};
		42EC96322347530700E85554 /* Build configuration list for PBXNativeTarget "Cinemtiyo" */ = {
			isa = XCConfigurationList;
			buildConfigurations = (
				42EC96332347530700E85554 /* Debug */,
				42EC96342347530700E85554 /* Release */,
			);
			defaultConfigurationIsVisible = 0;
			defaultConfigurationName = Release;
		};
/* End XCConfigurationList section */

/* Begin XCRemoteSwiftPackageReference section */
		424AF06A2396A53C00E9A5AE /* XCRemoteSwiftPackageReference "SDWebImage" */ = {
			isa = XCRemoteSwiftPackageReference;
			repositoryURL = "https://github.com/SDWebImage/SDWebImage.git";
			requirement = {
				kind = upToNextMajorVersion;
				minimumVersion = 5.3.3;
			};
		};
		42568621239970A3008B1FD0 /* XCRemoteSwiftPackageReference "XCDYouTubeKit" */ = {
			isa = XCRemoteSwiftPackageReference;
			repositoryURL = "https://github.com/0xced/XCDYouTubeKit.git";
			requirement = {
				kind = upToNextMajorVersion;
				minimumVersion = 2.8.2;
			};
		};
		429EF1BA2572AA6500456D92 /* XCRemoteSwiftPackageReference "lottie-ios" */ = {
			isa = XCRemoteSwiftPackageReference;
			repositoryURL = "https://github.com/airbnb/lottie-ios";
			requirement = {
				kind = upToNextMajorVersion;
				minimumVersion = 3.1.9;
			};
		};
/* End XCRemoteSwiftPackageReference section */

/* Begin XCSwiftPackageProductDependency section */
		4207025F253C582D00FDB2F6 /* XCDYouTubeKit */ = {
			isa = XCSwiftPackageProductDependency;
			package = 42568621239970A3008B1FD0 /* XCRemoteSwiftPackageReference "XCDYouTubeKit" */;
			productName = XCDYouTubeKit;
		};
		42070266253CF9CA00FDB2F6 /* SDWebImage */ = {
			isa = XCSwiftPackageProductDependency;
			package = 424AF06A2396A53C00E9A5AE /* XCRemoteSwiftPackageReference "SDWebImage" */;
			productName = SDWebImage;
		};
		42070268253CF9CE00FDB2F6 /* SDWebImageMapKit */ = {
			isa = XCSwiftPackageProductDependency;
			package = 424AF06A2396A53C00E9A5AE /* XCRemoteSwiftPackageReference "SDWebImage" */;
			productName = SDWebImageMapKit;
		};
		429EF1BB2572AA6500456D92 /* Lottie */ = {
			isa = XCSwiftPackageProductDependency;
			package = 429EF1BA2572AA6500456D92 /* XCRemoteSwiftPackageReference "lottie-ios" */;
			productName = Lottie;
		};
/* End XCSwiftPackageProductDependency section */

/* Begin XCVersionGroup section */
		4239E767239A85AC00B58E33 /* Model.xcdatamodeld */ = {
			isa = XCVersionGroup;
			children = (
				4239E768239A85AC00B58E33 /* Movie.xcdatamodel */,
			);
			currentVersion = 4239E768239A85AC00B58E33 /* Movie.xcdatamodel */;
			path = Model.xcdatamodeld;
			sourceTree = "<group>";
			versionGroupType = wrapper.xcdatamodel;
		};
/* End XCVersionGroup section */
	};
	rootObject = 42EC96162347530500E85554 /* Project object */;
}
