PODS:
  - SDWebImage (5.3.1):
    - SDWebImage/Core (= 5.3.1)
  - SDWebImage/Core (5.3.1)

DEPENDENCIES:
  - SDWebImage (~> 5.0)

SPEC REPOS:
  trunk:
    - SDWebImage

SPEC CHECKSUMS:
  SDWebImage: 7137d57385fb632129838c1e6ab9528a22c666cc

PODFILE CHECKSUM: cb1b0de08c13973b60fe0c1855bd0c8684205145

COCOAPODS: 1.8.4
